
Microsoft Visual Studio Solution File, Format Version 12.00
# Visual Studio Version 17
VisualStudioVersion = 17.14.36717.8 d17.14
MinimumVisualStudioVersion = 10.0.40219.1
Project("{FAE04EC0-301F-11D3-BF4B-00C04F79EFBC}") = "OpenRouterCommunicate", "OpenRouterCommunicate\OpenRouterCommunicate.csproj", "{9AB53CDC-43FA-45AB-B726-C0FC10C09FDA}"
EndProject
Global
	GlobalSection(SolutionConfigurationPlatforms) = preSolution
		Debug|Any CPU = Debug|Any CPU
		Release|Any CPU = Release|Any CPU
	EndGlobalSection
	GlobalSection(ProjectConfigurationPlatforms) = postSolution
		{9AB53CDC-43FA-45AB-B726-C0FC10C09FDA}.Debug|Any CPU.ActiveCfg = Debug|Any CPU
		{9AB53CDC-43FA-45AB-B726-C0FC10C09FDA}.Debug|Any CPU.Build.0 = Debug|Any CPU
		{9AB53CDC-43FA-45AB-B726-C0FC10C09FDA}.Release|Any CPU.ActiveCfg = Release|Any CPU
		{9AB53CDC-43FA-45AB-B726-C0FC10C09FDA}.Release|Any CPU.Build.0 = Release|Any CPU
	EndGlobalSection
	GlobalSection(SolutionProperties) = preSolution
		HideSolutionNode = FALSE
	EndGlobalSection
	GlobalSection(ExtensibilityGlobals) = postSolution
		SolutionGuid = {926CD678-9A4E-4657-BD35-1C3568A20497}
	EndGlobalSection
EndGlobal
